
Microsoft Visual Studio Solution File, Format Version 12.00
# Visual Studio 15
VisualStudioVersion = 15.0.27004.2008
MinimumVisualStudioVersion = 10.0.40219.1
Project("{FAE04EC0-301F-11D3-BF4B-00C04F79EFBC}") = "MealParseServer", "MealParseServer\MealParseServer.csproj", "{7E0E6E93-1DF8-4906-BD1E-DE2641C4808E}"
EndProject
Global
	GlobalSection(SolutionConfigurationPlatforms) = preSolution
		Debug|Any CPU = Debug|Any CPU
		Release|Any CPU = Release|Any CPU
	EndGlobalSection
	GlobalSection(ProjectConfigurationPlatforms) = postSolution
		{7E0E6E93-1DF8-4906-BD1E-DE2641C4808E}.Debug|Any CPU.ActiveCfg = Debug|Any CPU
		{7E0E6E93-1DF8-4906-BD1E-DE2641C4808E}.Debug|Any CPU.Build.0 = Debug|Any CPU
		{7E0E6E93-1DF8-4906-BD1E-DE2641C4808E}.Release|Any CPU.ActiveCfg = Release|Any CPU
		{7E0E6E93-1DF8-4906-BD1E-DE2641C4808E}.Release|Any CPU.Build.0 = Release|Any CPU
	EndGlobalSection
	GlobalSection(SolutionProperties) = preSolution
		HideSolutionNode = FALSE
	EndGlobalSection
	GlobalSection(ExtensibilityGlobals) = postSolution
		SolutionGuid = {BE9E2B78-1502-4280-93F4-59ABB3AD5C39}
	EndGlobalSection
EndGlobal
